[0m[1maws_security_group.dr_runner: Refreshing state... [id=sg-0ef7121b96b6db7de][0m

Terraform used the selected providers to generate the following execution
plan. Resource actions are indicated with the following symbols:
  [32m+[0m create[0m

Terraform will perform the following actions:

[1m  # aws_instance.dr_runner[0m will be created
[0m  [32m+[0m[0m resource "aws_instance" "dr_runner" {
      [32m+[0m[0m ami                                  = "ami-0136735c2bb5cf5bf"
      [32m+[0m[0m arn                                  = (known after apply)
      [32m+[0m[0m associate_public_ip_address          = true
      [32m+[0m[0m availability_zone                    = (known after apply)
      [32m+[0m[0m disable_api_stop                     = (known after apply)
      [32m+[0m[0m disable_api_termination              = (known after apply)
      [32m+[0m[0m ebs_optimized                        = (known after apply)
      [32m+[0m[0m enable_primary_ipv6                  = (known after apply)
      [32m+[0m[0m force_destroy                        = false
      [32m+[0m[0m get_password_data                    = false
      [32m+[0m[0m host_id                              = (known after apply)
      [32m+[0m[0m host_resource_group_arn              = (known after apply)
      [32m+[0m[0m iam_instance_profile                 = (known after apply)
      [32m+[0m[0m id                                   = (known after apply)
      [32m+[0m[0m instance_initiated_shutdown_behavior = (known after apply)
      [32m+[0m[0m instance_lifecycle                   = (known after apply)
      [32m+[0m[0m instance_state                       = (known after apply)
      [32m+[0m[0m instance_type                        = "t3.small"
      [32m+[0m[0m ipv6_address_count                   = (known after apply)
      [32m+[0m[0m ipv6_addresses                       = (known after apply)
      [32m+[0m[0m key_name                             = "jobintel-dr-20260207T022326Z-dr"
      [32m+[0m[0m monitoring                           = (known after apply)
      [32m+[0m[0m outpost_arn                          = (known after apply)
      [32m+[0m[0m password_data                        = (known after apply)
      [32m+[0m[0m placement_group                      = (known after apply)
      [32m+[0m[0m placement_group_id                   = (known after apply)
      [32m+[0m[0m placement_partition_number           = (known after apply)
      [32m+[0m[0m primary_network_interface_id         = (known after apply)
      [32m+[0m[0m private_dns                          = (known after apply)
      [32m+[0m[0m private_ip                           = (known after apply)
      [32m+[0m[0m public_dns                           = (known after apply)
      [32m+[0m[0m public_ip                            = (known after apply)
      [32m+[0m[0m region                               = "us-east-1"
      [32m+[0m[0m secondary_private_ips                = (known after apply)
      [32m+[0m[0m security_groups                      = (known after apply)
      [32m+[0m[0m source_dest_check                    = true
      [32m+[0m[0m spot_instance_request_id             = (known after apply)
      [32m+[0m[0m subnet_id                            = "subnet-a4b7ff85"
      [32m+[0m[0m tags                                 = {
          [32m+[0m[0m "ManagedBy" = "terraform"
          [32m+[0m[0m "Name"      = "jobintel-dr-runner"
          [32m+[0m[0m "Purpose"   = "jobintel-dr"
        }
      [32m+[0m[0m tags_all                             = {
          [32m+[0m[0m "ManagedBy" = "terraform"
          [32m+[0m[0m "Name"      = "jobintel-dr-runner"
          [32m+[0m[0m "Purpose"   = "jobintel-dr"
        }
      [32m+[0m[0m tenancy                              = (known after apply)
      [32m+[0m[0m user_data                            = <<-EOT
            #!/usr/bin/env bash
            set -euo pipefail
            apt-get update
            apt-get install -y curl ca-certificates
            curl -sfL https://get.k3s.io | INSTALL_K3S_VERSION=v1.31.5+k3s1 sh -
        EOT
      [32m+[0m[0m user_data_base64                     = (known after apply)
      [32m+[0m[0m user_data_replace_on_change          = false
      [32m+[0m[0m vpc_security_group_ids               = [
          [32m+[0m[0m "sg-0ef7121b96b6db7de",
        ]
    }

[1mPlan:[0m 1 to add, 0 to change, 0 to destroy.
[0m
Changes to Outputs:
  [33m~[0m[0m instance_id     = "i-0f3abd20f72be2689" -> (known after apply)
  [33m~[0m[0m kubeconfig_hint = "scp ubuntu@44.203.193.72:/etc/rancher/k3s/k3s.yaml ./k3s-dr.yaml" -> (known after apply)
  [33m~[0m[0m private_ip      = "172.31.88.191" -> (known after apply)
  [33m~[0m[0m public_ip       = "44.203.193.72" -> (known after apply)
  [33m~[0m[0m ssh_command     = "ssh -i <path-to-key> ubuntu@44.203.193.72" -> (known after apply)
[90m
─────────────────────────────────────────────────────────────────────────────[0m

Saved the plan to: tfplan-x86-ami

To perform exactly these actions, run the following command to apply:
    terraform apply "tfplan-x86-ami"
